{
  "name": "whatgame",
  "version": "1.0.0",
  "lockfileVersion": 1,
  "requires": true,
  "dependencies": {
    "babylonjs": {
      "version": "4.0.3",
      "resolved": "https://registry.npmjs.org/babylonjs/-/babylonjs-4.0.3.tgz",
      "integrity": "sha512-S5PoPmf0Vo03FDmF9z8djBiIm8GSLvCesln/9aKV9RbD4W+NTqVmMKhR8CQoMRCQNb2JSKKUuyUygXxCRVG37Q=="
    },
    "pixi": {
      "version": "0.3.1",
      "resolved": "https://registry.npmjs.org/pixi/-/pixi-0.3.1.tgz",
      "integrity": "sha1-hYzWFkoyoeS0EZLN9cbZggkwC6g="
    },
    "pixl": {
      "version": "0.0.1",
      "resolved": "https://registry.npmjs.org/pixl/-/pixl-0.0.1.tgz",
      "integrity": "sha1-HrtYn0fLfVbaFRNmqe1kIId0lgA="
    }
  }
}
